Microsoft Visual Studio Solution File, Format Version 12.00
# Visual Studio Version 17
VisualStudioVersion = 17.0.31903.59
MinimumVisualStudioVersion = 10.0.40219.1
Project("{7832C077-0665-4CF8-967B-693CE6F82A85}") = "Project_a6f313482b6c44baa98984c8a7211150_20250601200320462611", "Project_a6f313482b6c44baa98984c8a7211150_20250601200320462611.csproj", "{7832C077-0665-4CF8-967B-693CE6F82A85}"
EndProject
Global
    GlobalSection(SolutionConfigurationPlatforms) = preSolution
        Debug|Any CPU = Debug|Any CPU
        Release|Any CPU = Release|Any CPU
    EndGlobalSection
    GlobalSection(ProjectConfigurationPlatforms) = postSolution
        {7832C077-0665-4CF8-967B-693CE6F82A85}.Debug|Any CPU.ActiveCfg = Debug|Any CPU
        {7832C077-0665-4CF8-967B-693CE6F82A85}.Debug|Any CPU.Build.0 = Debug|Any CPU
        {7832C077-0665-4CF8-967B-693CE6F82A85}.Release|Any CPU.ActiveCfg = Release|Any CPU
        {7832C077-0665-4CF8-967B-693CE6F82A85}.Release|Any CPU.Build.0 = Release|Any CPU
    EndGlobalSection
EndGlobal